// !$*UTF8*$!
{
	archiveVersion = 1;
	classes = {
	};
	objectVersion = 52;
	objects = {

/* Begin PBXBuildFile section */
		C18EB94B23D7A89F006F08DF /* AppDelegate.swift in Sources */ = {isa = PBXBuildFile; fileRef = C18EB94A23D7A89F006F08DF /* AppDelegate.swift */; };
		C18EB94D23D7A89F006F08DF /* SceneDelegate.swift in Sources */ = {isa = PBXBuildFile; fileRef = C18EB94C23D7A89F006F08DF /* SceneDelegate.swift */; };
		C18EB94F23D7A89F006F08DF /* ViewController.swift in Sources */ = {isa = PBXBuildFile; fileRef = C18EB94E23D7A89F006F08DF /* ViewController.swift */; };
		C18EB95223D7A89F006F08DF /* Main.storyboard in Resources */ = {isa = PBXBuildFile; fileRef = C18EB95023D7A89F006F08DF /* Main.storyboard */; };
		C18EB95423D7A8A1006F08DF /* Assets.xcassets in Resources */ = {isa = PBXBuildFile; fileRef = C18EB95323D7A8A1006F08DF /* Assets.xcassets */; };
		C18EB95723D7A8A1006F08DF /* LaunchScreen.storyboard in Resources */ = {isa = PBXBuildFile; fileRef = C18EB95523D7A8A1006F08DF /* LaunchScreen.storyboard */; };
		C18EB96023D7A8FA006F08DF /* SecretAPI.swift in Sources */ = {isa = PBXBuildFile; fileRef = C18EB95F23D7A8FA006F08DF /* SecretAPI.swift */; };
		C18EB96423D7AA1F006F08DF /* DetailViewController.swift in Sources */ = {isa = PBXBuildFile; fileRef = C18EB96323D7AA1F006F08DF /* DetailViewController.swift */; };
		C18EB96623D7AA40006F08DF /* FavoritesViewController.swift in Sources */ = {isa = PBXBuildFile; fileRef = C18EB96523D7AA40006F08DF /* FavoritesViewController.swift */; };
		C18EB96923D7E9C5006F08DF /* ImageKit in Frameworks */ = {isa = PBXBuildFile; productRef = C18EB96823D7E9C5006F08DF /* ImageKit */; };
		C18EB96C23D7EA0F006F08DF /* PixaBayAPI.swift in Sources */ = {isa = PBXBuildFile; fileRef = C18EB96B23D7EA0F006F08DF /* PixaBayAPI.swift */; };
		C18EB96F23D7EAAA006F08DF /* PixaBayModel.swift in Sources */ = {isa = PBXBuildFile; fileRef = C18EB96E23D7EAAA006F08DF /* PixaBayModel.swift */; };
		C18EB97123D8EA77006F08DF /* ImageCell.swift in Sources */ = {isa = PBXBuildFile; fileRef = C18EB97023D8EA77006F08DF /* ImageCell.swift */; };
/* End PBXBuildFile section */

/* Begin PBXFileReference section */
		C18EB94723D7A89F006F08DF /* Pursuit-Core-Persistence-Lab.app */ = {isa = PBXFileReference; explicitFileType = wrapper.application; includeInIndex = 0; path = "Pursuit-Core-Persistence-Lab.app"; sourceTree = BUILT_PRODUCTS_DIR; };
		C18EB94A23D7A89F006F08DF /* AppDelegate.swift */ = {isa = PBXFileReference; lastKnownFileType = sourcecode.swift; path = AppDelegate.swift; sourceTree = "<group>"; };
		C18EB94C23D7A89F006F08DF /* SceneDelegate.swift */ = {isa = PBXFileReference; lastKnownFileType = sourcecode.swift; path = SceneDelegate.swift; sourceTree = "<group>"; };
		C18EB94E23D7A89F006F08DF /* ViewController.swift */ = {isa = PBXFileReference; lastKnownFileType = sourcecode.swift; path = ViewController.swift; sourceTree = "<group>"; };
		C18EB95123D7A89F006F08DF /* Base */ = {isa = PBXFileReference; lastKnownFileType = file.storyboard; name = Base; path = Base.lproj/Main.storyboard; sourceTree = "<group>"; };
		C18EB95323D7A8A1006F08DF /* Assets.xcassets */ = {isa = PBXFileReference; lastKnownFileType = folder.assetcatalog; path = Assets.xcassets; sourceTree = "<group>"; };
		C18EB95623D7A8A1006F08DF /* Base */ = {isa = PBXFileReference; lastKnownFileType = file.storyboard; name = Base; path = Base.lproj/LaunchScreen.storyboard; sourceTree = "<group>"; };
		C18EB95823D7A8A1006F08DF /* Info.plist */ = {isa = PBXFileReference; lastKnownFileType = text.plist.xml; path = Info.plist; sourceTree = "<group>"; };
		C18EB95F23D7A8FA006F08DF /* SecretAPI.swift */ = {isa = PBXFileReference; lastKnownFileType = sourcecode.swift; path = SecretAPI.swift; sourceTree = "<group>"; };
		C18EB96323D7AA1F006F08DF /* DetailViewController.swift */ = {isa = PBXFileReference; lastKnownFileType = sourcecode.swift; path = DetailViewController.swift; sourceTree = "<group>"; };
		C18EB96523D7AA40006F08DF /* FavoritesViewController.swift */ = {isa = PBXFileReference; lastKnownFileType = sourcecode.swift; path = FavoritesViewController.swift; sourceTree = "<group>"; };
		C18EB96B23D7EA0F006F08DF /* PixaBayAPI.swift */ = {isa = PBXFileReference; lastKnownFileType = sourcecode.swift; path = PixaBayAPI.swift; sourceTree = "<group>"; };
		C18EB96E23D7EAAA006F08DF /* PixaBayModel.swift */ = {isa = PBXFileReference; lastKnownFileType = sourcecode.swift; path = PixaBayModel.swift; sourceTree = "<group>"; };
		C18EB97023D8EA77006F08DF /* ImageCell.swift */ = {isa = PBXFileReference; lastKnownFileType = sourcecode.swift; path = ImageCell.swift; sourceTree = "<group>"; };
/* End PBXFileReference section */

/* Begin PBXFrameworksBuildPhase section */
		C18EB94423D7A89F006F08DF /* Frameworks */ = {
			isa = PBXFrameworksBuildPhase;
			buildActionMask = 2147483647;
			files = (
				C18EB96923D7E9C5006F08DF /* ImageKit in Frameworks */,
			);
			runOnlyForDeploymentPostprocessing = 0;
		};
/* End PBXFrameworksBuildPhase section */

/* Begin PBXGroup section */
		C18EB93E23D7A89F006F08DF = {
			isa = PBXGroup;
			children = (
				C18EB94923D7A89F006F08DF /* Pursuit-Core-Persistence-Lab */,
				C18EB94823D7A89F006F08DF /* Products */,
			);
			sourceTree = "<group>";
		};
		C18EB94823D7A89F006F08DF /* Products */ = {
			isa = PBXGroup;
			children = (
				C18EB94723D7A89F006F08DF /* Pursuit-Core-Persistence-Lab.app */,
			);
			name = Products;
			sourceTree = "<group>";
		};
		C18EB94923D7A89F006F08DF /* Pursuit-Core-Persistence-Lab */ = {
			isa = PBXGroup;
			children = (
				C18EB95023D7A89F006F08DF /* Main.storyboard */,
				C18EB96223D7A9B7006F08DF /* Controllers */,
				C18EB95323D7A8A1006F08DF /* Assets.xcassets */,
				C18EB95523D7A8A1006F08DF /* LaunchScreen.storyboard */,
				C18EB96D23D7EA87006F08DF /* Models */,
				C18EB96A23D7E9D9006F08DF /* Network Files */,
				C18EB96123D7A999006F08DF /* Supporting Files */,
				C18EB95E23D7A8E8006F08DF /* Secrets */,
				C18EB95823D7A8A1006F08DF /* Info.plist */,
			);
			path = "Pursuit-Core-Persistence-Lab";
			sourceTree = "<group>";
		};
		C18EB95E23D7A8E8006F08DF /* Secrets */ = {
			isa = PBXGroup;
			children = (
				C18EB95F23D7A8FA006F08DF /* SecretAPI.swift */,
			);
			path = Secrets;
			sourceTree = "<group>";
		};
		C18EB96123D7A999006F08DF /* Supporting Files */ = {
			isa = PBXGroup;
			children = (
				C18EB94A23D7A89F006F08DF /* AppDelegate.swift */,
				C18EB94C23D7A89F006F08DF /* SceneDelegate.swift */,
			);
			path = "Supporting Files";
			sourceTree = "<group>";
		};
		C18EB96223D7A9B7006F08DF /* Controllers */ = {
			isa = PBXGroup;
			children = (
				C18EB94E23D7A89F006F08DF /* ViewController.swift */,
				C18EB96323D7AA1F006F08DF /* DetailViewController.swift */,
				C18EB96523D7AA40006F08DF /* FavoritesViewController.swift */,
			);
			path = Controllers;
			sourceTree = "<group>";
		};
		C18EB96A23D7E9D9006F08DF /* Network Files */ = {
			isa = PBXGroup;
			children = (
				C18EB96B23D7EA0F006F08DF /* PixaBayAPI.swift */,
			);
			path = "Network Files";
			sourceTree = "<group>";
		};
		C18EB96D23D7EA87006F08DF /* Models */ = {
			isa = PBXGroup;
			children = (
				C18EB96E23D7EAAA006F08DF /* PixaBayModel.swift */,
				C18EB97023D8EA77006F08DF /* ImageCell.swift */,
			);
			path = Models;
			sourceTree = "<group>";
		};
/* End PBXGroup section */

/* Begin PBXNativeTarget section */
		C18EB94623D7A89F006F08DF /* Pursuit-Core-Persistence-Lab */ = {
			isa = PBXNativeTarget;
			buildConfigurationList = C18EB95B23D7A8A1006F08DF /* Build configuration list for PBXNativeTarget "Pursuit-Core-Persistence-Lab" */;
			buildPhases = (
				C18EB94323D7A89F006F08DF /* Sources */,
				C18EB94423D7A89F006F08DF /* Frameworks */,
				C18EB94523D7A89F006F08DF /* Resources */,
			);
			buildRules = (
			);
			dependencies = (
			);
			name = "Pursuit-Core-Persistence-Lab";
			packageProductDependencies = (
				C18EB96823D7E9C5006F08DF /* ImageKit */,
			);
			productName = "Pursuit-Core-Persistence-Lab";
			productReference = C18EB94723D7A89F006F08DF /* Pursuit-Core-Persistence-Lab.app */;
			productType = "com.apple.product-type.application";
		};
/* End PBXNativeTarget section */

/* Begin PBXProject section */
		C18EB93F23D7A89F006F08DF /* Project object */ = {
			isa = PBXProject;
			attributes = {
				LastSwiftUpdateCheck = 1130;
				LastUpgradeCheck = 1130;
				ORGANIZATIONNAME = "Gregory Keeley";
				TargetAttributes = {
					C18EB94623D7A89F006F08DF = {
						CreatedOnToolsVersion = 11.3;
					};
				};
			};
			buildConfigurationList = C18EB94223D7A89F006F08DF /* Build configuration list for PBXProject "Pursuit-Core-Persistence-Lab" */;
			compatibilityVersion = "Xcode 9.3";
			developmentRegion = en;
			hasScannedForEncodings = 0;
			knownRegions = (
				en,
				Base,
			);
			mainGroup = C18EB93E23D7A89F006F08DF;
			packageReferences = (
				C18EB96723D7E9C5006F08DF /* XCRemoteSwiftPackageReference "ImageKit" */,
			);
			productRefGroup = C18EB94823D7A89F006F08DF /* Products */;
			projectDirPath = "";
			projectRoot = "";
			targets = (
				C18EB94623D7A89F006F08DF /* Pursuit-Core-Persistence-Lab */,
			);
		};
/* End PBXProject section */

/* Begin PBXResourcesBuildPhase section */
		C18EB94523D7A89F006F08DF /* Resources */ = {
			isa = PBXResourcesBuildPhase;
			buildActionMask = 2147483647;
			files = (
				C18EB95723D7A8A1006F08DF /* LaunchScreen.storyboard in Resources */,
				C18EB95423D7A8A1006F08DF /* Assets.xcassets in Resources */,
				C18EB95223D7A89F006F08DF /* Main.storyboard in Resources */,
			);
			runOnlyForDeploymentPostprocessing = 0;
		};
/* End PBXResourcesBuildPhase section */

/* Begin PBXSourcesBuildPhase section */
		C18EB94323D7A89F006F08DF /* Sources */ = {
			isa = PBXSourcesBuildPhase;
			buildActionMask = 2147483647;
			files = (
				C18EB94F23D7A89F006F08DF /* ViewController.swift in Sources */,
				C18EB94B23D7A89F006F08DF /* AppDelegate.swift in Sources */,
				C18EB97123D8EA77006F08DF /* ImageCell.swift in Sources */,
				C18EB96423D7AA1F006F08DF /* DetailViewController.swift in Sources */,
				C18EB96023D7A8FA006F08DF /* SecretAPI.swift in Sources */,
				C18EB96F23D7EAAA006F08DF /* PixaBayModel.swift in Sources */,
				C18EB96C23D7EA0F006F08DF /* PixaBayAPI.swift in Sources */,
				C18EB96623D7AA40006F08DF /* FavoritesViewController.swift in Sources */,
				C18EB94D23D7A89F006F08DF /* SceneDelegate.swift in Sources */,
			);
			runOnlyForDeploymentPostprocessing = 0;
		};
/* End PBXSourcesBuildPhase section */

/* Begin PBXVariantGroup section */
		C18EB95023D7A89F006F08DF /* Main.storyboard */ = {
			isa = PBXVariantGroup;
			children = (
				C18EB95123D7A89F006F08DF /* Base */,
			);
			name = Main.storyboard;
			sourceTree = "<group>";
		};
		C18EB95523D7A8A1006F08DF /* LaunchScreen.storyboard */ = {
			isa = PBXVariantGroup;
			children = (
				C18EB95623D7A8A1006F08DF /* Base */,
			);
			name = LaunchScreen.storyboard;
			sourceTree = "<group>";
		};
/* End PBXVariantGroup section */

/* Begin XCBuildConfiguration section */
		C18EB95923D7A8A1006F08DF /* Debug */ = {
			isa = XCBuildConfiguration;
			buildSettings = {
				ALWAYS_SEARCH_USER_PATHS = NO;
				CLANG_ANALYZER_NONNULL = YES;
				CLANG_ANALYZER_NUMBER_OBJECT_CONVERSION = YES_AGGRESSIVE;
				CLANG_CXX_LANGUAGE_STANDARD = "gnu++14";
				CLANG_CXX_LIBRARY = "libc++";
				CLANG_ENABLE_MODULES = YES;
				CLANG_ENABLE_OBJC_ARC = YES;
				CLANG_ENABLE_OBJC_WEAK = YES;
				CLANG_WARN_BLOCK_CAPTURE_AUTORELEASING = YES;
				CLANG_WARN_BOOL_CONVERSION = YES;
				CLANG_WARN_COMMA = YES;
				CLANG_WARN_CONSTANT_CONVERSION = YES;
				CLANG_WARN_DEPRECATED_OBJC_IMPLEMENTATIONS = YES;
				CLANG_WARN_DIRECT_OBJC_ISA_USAGE = YES_ERROR;
				CLANG_WARN_DOCUMENTATION_COMMENTS = YES;
				CLANG_WARN_EMPTY_BODY = YES;
				CLANG_WARN_ENUM_CONVERSION = YES;
				CLANG_WARN_INFINITE_RECURSION = YES;
				CLANG_WARN_INT_CONVERSION = YES;
				CLANG_WARN_NON_LITERAL_NULL_CONVERSION = YES;
				CLANG_WARN_OBJC_IMPLICIT_RETAIN_SELF = YES;
				CLANG_WARN_OBJC_LITERAL_CONVERSION = YES;
				CLANG_WARN_OBJC_ROOT_CLASS = YES_ERROR;
				CLANG_WARN_RANGE_LOOP_ANALYSIS = YES;
				CLANG_WARN_STRICT_PROTOTYPES = YES;
				CLANG_WARN_SUSPICIOUS_MOVE = YES;
				CLANG_WARN_UNGUARDED_AVAILABILITY = YES_AGGRESSIVE;
				CLANG_WARN_UNREACHABLE_CODE = YES;
				CLANG_WARN__DUPLICATE_METHOD_MATCH = YES;
				COPY_PHASE_STRIP = NO;
				DEBUG_INFORMATION_FORMAT = dwarf;
				ENABLE_STRICT_OBJC_MSGSEND = YES;
				ENABLE_TESTABILITY = YES;
				GCC_C_LANGUAGE_STANDARD = gnu11;
				GCC_DYNAMIC_NO_PIC = NO;
				GCC_NO_COMMON_BLOCKS = YES;
				GCC_OPTIMIZATION_LEVEL = 0;
				GCC_PREPROCESSOR_DEFINITIONS = (
					"DEBUG=1",
					"$(inherited)",
				);
				GCC_WARN_64_TO_32_BIT_CONVERSION = YES;
				GCC_WARN_ABOUT_RETURN_TYPE = YES_ERROR;
				GCC_WARN_UNDECLARED_SELECTOR = YES;
				GCC_WARN_UNINITIALIZED_AUTOS = YES_AGGRESSIVE;
				GCC_WARN_UNUSED_FUNCTION = YES;
				GCC_WARN_UNUSED_VARIABLE = YES;
				IPHONEOS_DEPLOYMENT_TARGET = 13.2;
				MTL_ENABLE_DEBUG_INFO = INCLUDE_SOURCE;
				MTL_FAST_MATH = YES;
				ONLY_ACTIVE_ARCH = YES;
				SDKROOT = iphoneos;
				SWIFT_ACTIVE_COMPILATION_CONDITIONS = DEBUG;
				SWIFT_OPTIMIZATION_LEVEL = "-Onone";
			};
			name = Debug;
		};
		C18EB95A23D7A8A1006F08DF /* Release */ = {
			isa = XCBuildConfiguration;
			buildSettings = {
				ALWAYS_SEARCH_USER_PATHS = NO;
				CLANG_ANALYZER_NONNULL = YES;
				CLANG_ANALYZER_NUMBER_OBJECT_CONVERSION = YES_AGGRESSIVE;
				CLANG_CXX_LANGUAGE_STANDARD = "gnu++14";
				CLANG_CXX_LIBRARY = "libc++";
				CLANG_ENABLE_MODULES = YES;
				CLANG_ENABLE_OBJC_ARC = YES;
				CLANG_ENABLE_OBJC_WEAK = YES;
				CLANG_WARN_BLOCK_CAPTURE_AUTORELEASING = YES;
				CLANG_WARN_BOOL_CONVERSION = YES;
				CLANG_WARN_COMMA = YES;
				CLANG_WARN_CONSTANT_CONVERSION = YES;
				CLANG_WARN_DEPRECATED_OBJC_IMPLEMENTATIONS = YES;
				CLANG_WARN_DIRECT_OBJC_ISA_USAGE = YES_ERROR;
				CLANG_WARN_DOCUMENTATION_COMMENTS = YES;
				CLANG_WARN_EMPTY_BODY = YES;
				CLANG_WARN_ENUM_CONVERSION = YES;
				CLANG_WARN_INFINITE_RECURSION = YES;
				CLANG_WARN_INT_CONVERSION = YES;
				CLANG_WARN_NON_LITERAL_NULL_CONVERSION = YES;
				CLANG_WARN_OBJC_IMPLICIT_RETAIN_SELF = YES;
				CLANG_WARN_OBJC_LITERAL_CONVERSION = YES;
				CLANG_WARN_OBJC_ROOT_CLASS = YES_ERROR;
				CLANG_WARN_RANGE_LOOP_ANALYSIS = YES;
				CLANG_WARN_STRICT_PROTOTYPES = YES;
				CLANG_WARN_SUSPICIOUS_MOVE = YES;
				CLANG_WARN_UNGUARDED_AVAILABILITY = YES_AGGRESSIVE;
				CLANG_WARN_UNREACHABLE_CODE = YES;
				CLANG_WARN__DUPLICATE_METHOD_MATCH = YES;
				COPY_PHASE_STRIP = NO;
				DEBUG_INFORMATION_FORMAT = "dwarf-with-dsym";
				ENABLE_NS_ASSERTIONS = NO;
				ENABLE_STRICT_OBJC_MSGSEND = YES;
				GCC_C_LANGUAGE_STANDARD = gnu11;
				GCC_NO_COMMON_BLOCKS = YES;
				GCC_WARN_64_TO_32_BIT_CONVERSION = YES;
				GCC_WARN_ABOUT_RETURN_TYPE = YES_ERROR;
				GCC_WARN_UNDECLARED_SELECTOR = YES;
				GCC_WARN_UNINITIALIZED_AUTOS = YES_AGGRESSIVE;
				GCC_WARN_UNUSED_FUNCTION = YES;
				GCC_WARN_UNUSED_VARIABLE = YES;
				IPHONEOS_DEPLOYMENT_TARGET = 13.2;
				MTL_ENABLE_DEBUG_INFO = NO;
				MTL_FAST_MATH = YES;
				SDKROOT = iphoneos;
				SWIFT_COMPILATION_MODE = wholemodule;
				SWIFT_OPTIMIZATION_LEVEL = "-O";
				VALIDATE_PRODUCT = YES;
			};
			name = Release;
		};
		C18EB95C23D7A8A1006F08DF /* Debug */ = {
			isa = XCBuildConfiguration;
			buildSettings = {
				ASSETCATALOG_COMPILER_APPICON_NAME = AppIcon;
				CODE_SIGN_STYLE = Automatic;
				DEVELOPMENT_TEAM = 26RHXP32FH;
				INFOPLIST_FILE = "Pursuit-Core-Persistence-Lab/Info.plist";
				LD_RUNPATH_SEARCH_PATHS = (
					"$(inherited)",
					"@executable_path/Frameworks",
				);
				PRODUCT_BUNDLE_IDENTIFIER = "org.gregkeeley.Pursuit-Core-Persistence-Lab";
				PRODUCT_NAME = "$(TARGET_NAME)";
				SWIFT_VERSION = 5.0;
				TARGETED_DEVICE_FAMILY = "1,2";
			};
			name = Debug;
		};
		C18EB95D23D7A8A1006F08DF /* Release */ = {
			isa = XCBuildConfiguration;
			buildSettings = {
				ASSETCATALOG_COMPILER_APPICON_NAME = AppIcon;
				CODE_SIGN_STYLE = Automatic;
				DEVELOPMENT_TEAM = 26RHXP32FH;
				INFOPLIST_FILE = "Pursuit-Core-Persistence-Lab/Info.plist";
				LD_RUNPATH_SEARCH_PATHS = (
					"$(inherited)",
					"@executable_path/Frameworks",
				);
				PRODUCT_BUNDLE_IDENTIFIER = "org.gregkeeley.Pursuit-Core-Persistence-Lab";
				PRODUCT_NAME = "$(TARGET_NAME)";
				SWIFT_VERSION = 5.0;
				TARGETED_DEVICE_FAMILY = "1,2";
			};
			name = Release;
		};
/* End XCBuildConfiguration section */

/* Begin XCConfigurationList section */
		C18EB94223D7A89F006F08DF /* Build configuration list for PBXProject "Pursuit-Core-Persistence-Lab" */ = {
			isa = XCConfigurationList;
			buildConfigurations = (
				C18EB95923D7A8A1006F08DF /* Debug */,
				C18EB95A23D7A8A1006F08DF /* Release */,
			);
			defaultConfigurationIsVisible = 0;
			defaultConfigurationName = Release;
		};
		C18EB95B23D7A8A1006F08DF /* Build configuration list for PBXNativeTarget "Pursuit-Core-Persistence-Lab" */ = {
			isa = XCConfigurationList;
			buildConfigurations = (
				C18EB95C23D7A8A1006F08DF /* Debug */,
				C18EB95D23D7A8A1006F08DF /* Release */,
			);
			defaultConfigurationIsVisible = 0;
			defaultConfigurationName = Release;
		};
/* End XCConfigurationList section */

/* Begin XCRemoteSwiftPackageReference section */
		C18EB96723D7E9C5006F08DF /* XCRemoteSwiftPackageReference "ImageKit" */ = {
			isa = XCRemoteSwiftPackageReference;
			repositoryURL = "https://github.com/alexpaul/ImageKit";
			requirement = {
				kind = upToNextMajorVersion;
				minimumVersion = 1.0.4;
			};
		};
/* End XCRemoteSwiftPackageReference section */

/* Begin XCSwiftPackageProductDependency section */
		C18EB96823D7E9C5006F08DF /* ImageKit */ = {
			isa = XCSwiftPackageProductDependency;
			package = C18EB96723D7E9C5006F08DF /* XCRemoteSwiftPackageReference "ImageKit" */;
			productName = ImageKit;
		};
/* End XCSwiftPackageProductDependency section */
	};
	rootObject = C18EB93F23D7A89F006F08DF /* Project object */;
}
